// !$*UTF8*$!
{
	archiveVersion = 1;
	classes = {
	};
	objectVersion = 56;
	objects = {

/* Begin PBXBuildFile section */
		2747DE0A2BEDC12500626C4F /* DesktopAIApp.swift in Sources */ = {isa = PBXBuildFile; fileRef = 2747DE092BEDC12500626C4F /* DesktopAIApp.swift */; };
		2747DE0C2BEDC12500626C4F /* ContentView.swift in Sources */ = {isa = PBXBuildFile; fileRef = 2747DE0B2BEDC12500626C4F /* ContentView.swift */; };
		2747DE0E2BEDC12500626C4F /* Item.swift in Sources */ = {isa = PBXBuildFile; fileRef = 2747DE0D2BEDC12500626C4F /* Item.swift */; };
		2747DE102BEDC12600626C4F /* Assets.xcassets in Resources */ = {isa = PBXBuildFile; fileRef = 2747DE0F2BEDC12600626C4F /* Assets.xcassets */; };
		2747DE132BEDC12600626C4F /* Preview Assets.xcassets in Resources */ = {isa = PBXBuildFile; fileRef = 2747DE122BEDC12600626C4F /* Preview Assets.xcassets */; };
		274D39A22BEEF147004228FF /* OpenAIProvider.swift in Sources */ = {isa = PBXBuildFile; fileRef = 274D39A12BEEF147004228FF /* OpenAIProvider.swift */; };
		274D39A42BEEF4AF004228FF /* CloudflareAIProvider.swift in Sources */ = {isa = PBXBuildFile; fileRef = 274D39A32BEEF4AF004228FF /* CloudflareAIProvider.swift */; };
		278836962BEEE0B2003FEB01 /* GroqProvider.swift in Sources */ = {isa = PBXBuildFile; fileRef = 278836952BEEE0B2003FEB01 /* GroqProvider.swift */; };
		278836982BEEE0C2003FEB01 /* BaseProvider.swift in Sources */ = {isa = PBXBuildFile; fileRef = 278836972BEEE0C2003FEB01 /* BaseProvider.swift */; };
		2788369A2BEEE1AB003FEB01 /* AIModel.swift in Sources */ = {isa = PBXBuildFile; fileRef = 278836992BEEE1AB003FEB01 /* AIModel.swift */; };
		2CAF55412BEEEE8A00EFEB83 /* DisplayChats.swift in Sources */ = {isa = PBXBuildFile; fileRef = 2CAF55402BEEEE8A00EFEB83 /* DisplayChats.swift */; };
		2CE55CF52BEEC2D3000A95C8 /* SettingsView.swift in Sources */ = {isa = PBXBuildFile; fileRef = 2CE55CF42BEEC2D3000A95C8 /* SettingsView.swift */; };
		2CE55CF72BEEC568000A95C8 /* GeneralSettingsView.swift in Sources */ = {isa = PBXBuildFile; fileRef = 2CE55CF62BEEC568000A95C8 /* GeneralSettingsView.swift */; };
		2CE55CF92BEEC602000A95C8 /* APIKeysSettingsView.swift in Sources */ = {isa = PBXBuildFile; fileRef = 2CE55CF82BEEC602000A95C8 /* APIKeysSettingsView.swift */; };
/* End PBXBuildFile section */

/* Begin PBXFileReference section */
		2747DE062BEDC12500626C4F /* DesktopAI.app */ = {isa = PBXFileReference; explicitFileType = wrapper.application; includeInIndex = 0; path = DesktopAI.app; sourceTree = BUILT_PRODUCTS_DIR; };
		2747DE092BEDC12500626C4F /* DesktopAIApp.swift */ = {isa = PBXFileReference; lastKnownFileType = sourcecode.swift; path = DesktopAIApp.swift; sourceTree = "<group>"; };
		2747DE0B2BEDC12500626C4F /* ContentView.swift */ = {isa = PBXFileReference; lastKnownFileType = sourcecode.swift; path = ContentView.swift; sourceTree = "<group>"; };
		2747DE0D2BEDC12500626C4F /* Item.swift */ = {isa = PBXFileReference; lastKnownFileType = sourcecode.swift; path = Item.swift; sourceTree = "<group>"; };
		2747DE0F2BEDC12600626C4F /* Assets.xcassets */ = {isa = PBXFileReference; lastKnownFileType = folder.assetcatalog; path = Assets.xcassets; sourceTree = "<group>"; };
		2747DE122BEDC12600626C4F /* Preview Assets.xcassets */ = {isa = PBXFileReference; lastKnownFileType = folder.assetcatalog; path = "Preview Assets.xcassets"; sourceTree = "<group>"; };
		2747DE142BEDC12600626C4F /* DesktopAI.entitlements */ = {isa = PBXFileReference; lastKnownFileType = text.plist.entitlements; path = DesktopAI.entitlements; sourceTree = "<group>"; };
		274D39A12BEEF147004228FF /* OpenAIProvider.swift */ = {isa = PBXFileReference; lastKnownFileType = sourcecode.swift; path = OpenAIProvider.swift; sourceTree = "<group>"; };
		274D39A32BEEF4AF004228FF /* CloudflareAIProvider.swift */ = {isa = PBXFileReference; lastKnownFileType = sourcecode.swift; path = CloudflareAIProvider.swift; sourceTree = "<group>"; };
		278836952BEEE0B2003FEB01 /* GroqProvider.swift */ = {isa = PBXFileReference; lastKnownFileType = sourcecode.swift; path = GroqProvider.swift; sourceTree = "<group>"; };
		278836972BEEE0C2003FEB01 /* BaseProvider.swift */ = {isa = PBXFileReference; lastKnownFileType = sourcecode.swift; path = BaseProvider.swift; sourceTree = "<group>"; };
		278836992BEEE1AB003FEB01 /* AIModel.swift */ = {isa = PBXFileReference; lastKnownFileType = sourcecode.swift; path = AIModel.swift; sourceTree = "<group>"; };
		2CAF55402BEEEE8A00EFEB83 /* DisplayChats.swift */ = {isa = PBXFileReference; lastKnownFileType = sourcecode.swift; path = DisplayChats.swift; sourceTree = "<group>"; };
		2CE55CF42BEEC2D3000A95C8 /* SettingsView.swift */ = {isa = PBXFileReference; lastKnownFileType = sourcecode.swift; path = SettingsView.swift; sourceTree = "<group>"; };
		2CE55CF62BEEC568000A95C8 /* GeneralSettingsView.swift */ = {isa = PBXFileReference; lastKnownFileType = sourcecode.swift; path = GeneralSettingsView.swift; sourceTree = "<group>"; };
		2CE55CF82BEEC602000A95C8 /* APIKeysSettingsView.swift */ = {isa = PBXFileReference; lastKnownFileType = sourcecode.swift; path = APIKeysSettingsView.swift; sourceTree = "<group>"; };
/* End PBXFileReference section */

/* Begin PBXFrameworksBuildPhase section */
		2747DE032BEDC12500626C4F /* Frameworks */ = {
			isa = PBXFrameworksBuildPhase;
			buildActionMask = 2147483647;
			files = (
			);
			runOnlyForDeploymentPostprocessing = 0;
		};
/* End PBXFrameworksBuildPhase section */

/* Begin PBXGroup section */
		2747DDFD2BEDC12500626C4F = {
			isa = PBXGroup;
			children = (
				2747DE082BEDC12500626C4F /* DesktopAI */,
				2747DE072BEDC12500626C4F /* Products */,
			);
			sourceTree = "<group>";
		};
		2747DE072BEDC12500626C4F /* Products */ = {
			isa = PBXGroup;
			children = (
				2747DE062BEDC12500626C4F /* DesktopAI.app */,
			);
			name = Products;
			sourceTree = "<group>";
		};
		2747DE082BEDC12500626C4F /* DesktopAI */ = {
			isa = PBXGroup;
			children = (
				278836942BEEE09F003FEB01 /* Providers */,
				2747DE092BEDC12500626C4F /* DesktopAIApp.swift */,
				2747DE0B2BEDC12500626C4F /* ContentView.swift */,
				2747DE0D2BEDC12500626C4F /* Item.swift */,
				2CE55CF42BEEC2D3000A95C8 /* SettingsView.swift */,
				2CE55CF62BEEC568000A95C8 /* GeneralSettingsView.swift */,
				2CE55CF82BEEC602000A95C8 /* APIKeysSettingsView.swift */,
				278836992BEEE1AB003FEB01 /* AIModel.swift */,
				2CAF55402BEEEE8A00EFEB83 /* DisplayChats.swift */,
				2747DE0F2BEDC12600626C4F /* Assets.xcassets */,
				2747DE142BEDC12600626C4F /* DesktopAI.entitlements */,
				2747DE112BEDC12600626C4F /* Preview Content */,
			);
			path = DesktopAI;
			sourceTree = "<group>";
		};
		2747DE112BEDC12600626C4F /* Preview Content */ = {
			isa = PBXGroup;
			children = (
				2747DE122BEDC12600626C4F /* Preview Assets.xcassets */,
			);
			path = "Preview Content";
			sourceTree = "<group>";
		};
		278836942BEEE09F003FEB01 /* Providers */ = {
			isa = PBXGroup;
			children = (
				278836952BEEE0B2003FEB01 /* GroqProvider.swift */,
				278836972BEEE0C2003FEB01 /* BaseProvider.swift */,
				274D39A12BEEF147004228FF /* OpenAIProvider.swift */,
				274D39A32BEEF4AF004228FF /* CloudflareAIProvider.swift */,
			);
			path = Providers;
			sourceTree = "<group>";
		};
/* End PBXGroup section */

/* Begin PBXNativeTarget section */
		2747DE052BEDC12500626C4F /* DesktopAI */ = {
			isa = PBXNativeTarget;
			buildConfigurationList = 2747DE172BEDC12600626C4F /* Build configuration list for PBXNativeTarget "DesktopAI" */;
			buildPhases = (
				2747DE022BEDC12500626C4F /* Sources */,
				2747DE032BEDC12500626C4F /* Frameworks */,
				2747DE042BEDC12500626C4F /* Resources */,
			);
			buildRules = (
			);
			dependencies = (
			);
			name = DesktopAI;
			productName = DesktopAI;
			productReference = 2747DE062BEDC12500626C4F /* DesktopAI.app */;
			productType = "com.apple.product-type.application";
		};
/* End PBXNativeTarget section */

/* Begin PBXProject section */
		2747DDFE2BEDC12500626C4F /* Project object */ = {
			isa = PBXProject;
			attributes = {
				BuildIndependentTargetsInParallel = 1;
				LastSwiftUpdateCheck = 1530;
				LastUpgradeCheck = 1530;
				TargetAttributes = {
					2747DE052BEDC12500626C4F = {
						CreatedOnToolsVersion = 15.3;
					};
				};
			};
			buildConfigurationList = 2747DE012BEDC12500626C4F /* Build configuration list for PBXProject "DesktopAI" */;
			compatibilityVersion = "Xcode 14.0";
			developmentRegion = en;
			hasScannedForEncodings = 0;
			knownRegions = (
				en,
				Base,
			);
			mainGroup = 2747DDFD2BEDC12500626C4F;
			productRefGroup = 2747DE072BEDC12500626C4F /* Products */;
			projectDirPath = "";
			projectRoot = "";
			targets = (
				2747DE052BEDC12500626C4F /* DesktopAI */,
			);
		};
/* End PBXProject section */

/* Begin PBXResourcesBuildPhase section */
		2747DE042BEDC12500626C4F /* Resources */ = {
			isa = PBXResourcesBuildPhase;
			buildActionMask = 2147483647;
			files = (
				2747DE132BEDC12600626C4F /* Preview Assets.xcassets in Resources */,
				2747DE102BEDC12600626C4F /* Assets.xcassets in Resources */,
			);
			runOnlyForDeploymentPostprocessing = 0;
		};
/* End PBXResourcesBuildPhase section */

/* Begin PBXSourcesBuildPhase section */
		2747DE022BEDC12500626C4F /* Sources */ = {
			isa = PBXSourcesBuildPhase;
			buildActionMask = 2147483647;
			files = (
				274D39A22BEEF147004228FF /* OpenAIProvider.swift in Sources */,
				2788369A2BEEE1AB003FEB01 /* AIModel.swift in Sources */,
				274D39A42BEEF4AF004228FF /* CloudflareAIProvider.swift in Sources */,
				278836962BEEE0B2003FEB01 /* GroqProvider.swift in Sources */,
				2747DE0C2BEDC12500626C4F /* ContentView.swift in Sources */,
				2CE55CF72BEEC568000A95C8 /* GeneralSettingsView.swift in Sources */,
				2CE55CF92BEEC602000A95C8 /* APIKeysSettingsView.swift in Sources */,
				2CE55CF52BEEC2D3000A95C8 /* SettingsView.swift in Sources */,
				2747DE0E2BEDC12500626C4F /* Item.swift in Sources */,
				2747DE0A2BEDC12500626C4F /* DesktopAIApp.swift in Sources */,
				2CAF55412BEEEE8A00EFEB83 /* DisplayChats.swift in Sources */,
				278836982BEEE0C2003FEB01 /* BaseProvider.swift in Sources */,
			);
			runOnlyForDeploymentPostprocessing = 0;
		};
/* End PBXSourcesBuildPhase section */

/* Begin XCBuildConfiguration section */
		2747DE152BEDC12600626C4F /* Debug */ = {
			isa = XCBuildConfiguration;
			buildSettings = {
				ALWAYS_SEARCH_USER_PATHS = NO;
				ASSETCATALOG_COMPILER_GENERATE_SWIFT_ASSET_SYMBOL_EXTENSIONS = YES;
				CLANG_ANALYZER_NONNULL = YES;
				CLANG_ANALYZER_NUMBER_OBJECT_CONVERSION = YES_AGGRESSIVE;
				CLANG_CXX_LANGUAGE_STANDARD = "gnu++20";
				CLANG_ENABLE_MODULES = YES;
				CLANG_ENABLE_OBJC_ARC = YES;
				CLANG_ENABLE_OBJC_WEAK = YES;
				CLANG_WARN_BLOCK_CAPTURE_AUTORELEASING = YES;
				CLANG_WARN_BOOL_CONVERSION = YES;
				CLANG_WARN_COMMA = YES;
				CLANG_WARN_CONSTANT_CONVERSION = YES;
				CLANG_WARN_DEPRECATED_OBJC_IMPLEMENTATIONS = YES;
				CLANG_WARN_DIRECT_OBJC_ISA_USAGE = YES_ERROR;
				CLANG_WARN_DOCUMENTATION_COMMENTS = YES;
				CLANG_WARN_EMPTY_BODY = YES;
				CLANG_WARN_ENUM_CONVERSION = YES;
				CLANG_WARN_INFINITE_RECURSION = YES;
				CLANG_WARN_INT_CONVERSION = YES;
				CLANG_WARN_NON_LITERAL_NULL_CONVERSION = YES;
				CLANG_WARN_OBJC_IMPLICIT_RETAIN_SELF = YES;
				CLANG_WARN_OBJC_LITERAL_CONVERSION = YES;
				CLANG_WARN_OBJC_ROOT_CLASS = YES_ERROR;
				CLANG_WARN_QUOTED_INCLUDE_IN_FRAMEWORK_HEADER = YES;
				CLANG_WARN_RANGE_LOOP_ANALYSIS = YES;
				CLANG_WARN_STRICT_PROTOTYPES = YES;
				CLANG_WARN_SUSPICIOUS_MOVE = YES;
				CLANG_WARN_UNGUARDED_AVAILABILITY = YES_AGGRESSIVE;
				CLANG_WARN_UNREACHABLE_CODE = YES;
				CLANG_WARN__DUPLICATE_METHOD_MATCH = YES;
				COPY_PHASE_STRIP = NO;
				DEBUG_INFORMATION_FORMAT = dwarf;
				ENABLE_STRICT_OBJC_MSGSEND = YES;
				ENABLE_TESTABILITY = YES;
				ENABLE_USER_SCRIPT_SANDBOXING = YES;
				GCC_C_LANGUAGE_STANDARD = gnu17;
				GCC_DYNAMIC_NO_PIC = NO;
				GCC_NO_COMMON_BLOCKS = YES;
				GCC_OPTIMIZATION_LEVEL = 0;
				GCC_PREPROCESSOR_DEFINITIONS = (
					"DEBUG=1",
					"$(inherited)",
				);
				GCC_WARN_64_TO_32_BIT_CONVERSION = YES;
				GCC_WARN_ABOUT_RETURN_TYPE = YES_ERROR;
				GCC_WARN_UNDECLARED_SELECTOR = YES;
				GCC_WARN_UNINITIALIZED_AUTOS = YES_AGGRESSIVE;
				GCC_WARN_UNUSED_FUNCTION = YES;
				GCC_WARN_UNUSED_VARIABLE = YES;
				LOCALIZATION_PREFERS_STRING_CATALOGS = YES;
				MACOSX_DEPLOYMENT_TARGET = 14.4;
				MTL_ENABLE_DEBUG_INFO = INCLUDE_SOURCE;
				MTL_FAST_MATH = YES;
				ONLY_ACTIVE_ARCH = YES;
				SDKROOT = macosx;
				SWIFT_ACTIVE_COMPILATION_CONDITIONS = "DEBUG $(inherited)";
				SWIFT_OPTIMIZATION_LEVEL = "-Onone";
			};
			name = Debug;
		};
		2747DE162BEDC12600626C4F /* Release */ = {
			isa = XCBuildConfiguration;
			buildSettings = {
				ALWAYS_SEARCH_USER_PATHS = NO;
				ASSETCATALOG_COMPILER_GENERATE_SWIFT_ASSET_SYMBOL_EXTENSIONS = YES;
				CLANG_ANALYZER_NONNULL = YES;
				CLANG_ANALYZER_NUMBER_OBJECT_CONVERSION = YES_AGGRESSIVE;
				CLANG_CXX_LANGUAGE_STANDARD = "gnu++20";
				CLANG_ENABLE_MODULES = YES;
				CLANG_ENABLE_OBJC_ARC = YES;
				CLANG_ENABLE_OBJC_WEAK = YES;
				CLANG_WARN_BLOCK_CAPTURE_AUTORELEASING = YES;
				CLANG_WARN_BOOL_CONVERSION = YES;
				CLANG_WARN_COMMA = YES;
				CLANG_WARN_CONSTANT_CONVERSION = YES;
				CLANG_WARN_DEPRECATED_OBJC_IMPLEMENTATIONS = YES;
				CLANG_WARN_DIRECT_OBJC_ISA_USAGE = YES_ERROR;
				CLANG_WARN_DOCUMENTATION_COMMENTS = YES;
				CLANG_WARN_EMPTY_BODY = YES;
				CLANG_WARN_ENUM_CONVERSION = YES;
				CLANG_WARN_INFINITE_RECURSION = YES;
				CLANG_WARN_INT_CONVERSION = YES;
				CLANG_WARN_NON_LITERAL_NULL_CONVERSION = YES;
				CLANG_WARN_OBJC_IMPLICIT_RETAIN_SELF = YES;
				CLANG_WARN_OBJC_LITERAL_CONVERSION = YES;
				CLANG_WARN_OBJC_ROOT_CLASS = YES_ERROR;
				CLANG_WARN_QUOTED_INCLUDE_IN_FRAMEWORK_HEADER = YES;
				CLANG_WARN_RANGE_LOOP_ANALYSIS = YES;
				CLANG_WARN_STRICT_PROTOTYPES = YES;
				CLANG_WARN_SUSPICIOUS_MOVE = YES;
				CLANG_WARN_UNGUARDED_AVAILABILITY = YES_AGGRESSIVE;
				CLANG_WARN_UNREACHABLE_CODE = YES;
				CLANG_WARN__DUPLICATE_METHOD_MATCH = YES;
				COPY_PHASE_STRIP = NO;
				DEBUG_INFORMATION_FORMAT = "dwarf-with-dsym";
				ENABLE_NS_ASSERTIONS = NO;
				ENABLE_STRICT_OBJC_MSGSEND = YES;
				ENABLE_USER_SCRIPT_SANDBOXING = YES;
				GCC_C_LANGUAGE_STANDARD = gnu17;
				GCC_NO_COMMON_BLOCKS = YES;
				GCC_WARN_64_TO_32_BIT_CONVERSION = YES;
				GCC_WARN_ABOUT_RETURN_TYPE = YES_ERROR;
				GCC_WARN_UNDECLARED_SELECTOR = YES;
				GCC_WARN_UNINITIALIZED_AUTOS = YES_AGGRESSIVE;
				GCC_WARN_UNUSED_FUNCTION = YES;
				GCC_WARN_UNUSED_VARIABLE = YES;
				LOCALIZATION_PREFERS_STRING_CATALOGS = YES;
				MACOSX_DEPLOYMENT_TARGET = 14.4;
				MTL_ENABLE_DEBUG_INFO = NO;
				MTL_FAST_MATH = YES;
				SDKROOT = macosx;
				SWIFT_COMPILATION_MODE = wholemodule;
			};
			name = Release;
		};
		2747DE182BEDC12600626C4F /* Debug */ = {
			isa = XCBuildConfiguration;
			buildSettings = {
				ASSETCATALOG_COMPILER_APPICON_NAME = AppIcon;
				ASSETCATALOG_COMPILER_GLOBAL_ACCENT_COLOR_NAME = AccentColor;
				CODE_SIGN_ENTITLEMENTS = DesktopAI/DesktopAI.entitlements;
				"CODE_SIGN_IDENTITY[sdk=macosx*]" = "-";
				CODE_SIGN_STYLE = Automatic;
				COMBINE_HIDPI_IMAGES = YES;
				CURRENT_PROJECT_VERSION = 1;
				DEVELOPMENT_ASSET_PATHS = "\"DesktopAI/Preview Content\"";
				DEVELOPMENT_TEAM = "";
				ENABLE_PREVIEWS = YES;
				GENERATE_INFOPLIST_FILE = YES;
				INFOPLIST_KEY_NSHumanReadableCopyright = "";
				LD_RUNPATH_SEARCH_PATHS = (
					"$(inherited)",
					"@executable_path/../Frameworks",
				);
				MACOSX_DEPLOYMENT_TARGET = 14.0;
				MARKETING_VERSION = 1.0;
				PRODUCT_BUNDLE_IDENTIFIER = Kyle.DesktopAI;
				PRODUCT_NAME = "$(TARGET_NAME)";
				SWIFT_EMIT_LOC_STRINGS = YES;
				SWIFT_VERSION = 5.0;
			};
			name = Debug;
		};
		2747DE192BEDC12600626C4F /* Release */ = {
			isa = XCBuildConfiguration;
			buildSettings = {
				ASSETCATALOG_COMPILER_APPICON_NAME = AppIcon;
				ASSETCATALOG_COMPILER_GLOBAL_ACCENT_COLOR_NAME = AccentColor;
				CODE_SIGN_ENTITLEMENTS = DesktopAI/DesktopAI.entitlements;
				"CODE_SIGN_IDENTITY[sdk=macosx*]" = "-";
				CODE_SIGN_STYLE = Automatic;
				COMBINE_HIDPI_IMAGES = YES;
				CURRENT_PROJECT_VERSION = 1;
				DEVELOPMENT_ASSET_PATHS = "\"DesktopAI/Preview Content\"";
				DEVELOPMENT_TEAM = "";
				ENABLE_PREVIEWS = YES;
				GENERATE_INFOPLIST_FILE = YES;
				INFOPLIST_KEY_NSHumanReadableCopyright = "";
				LD_RUNPATH_SEARCH_PATHS = (
					"$(inherited)",
					"@executable_path/../Frameworks",
				);
				MACOSX_DEPLOYMENT_TARGET = 14.0;
				MARKETING_VERSION = 1.0;
				PRODUCT_BUNDLE_IDENTIFIER = Kyle.DesktopAI;
				PRODUCT_NAME = "$(TARGET_NAME)";
				SWIFT_EMIT_LOC_STRINGS = YES;
				SWIFT_VERSION = 5.0;
			};
			name = Release;
		};
/* End XCBuildConfiguration section */

/* Begin XCConfigurationList section */
		2747DE012BEDC12500626C4F /* Build configuration list for PBXProject "DesktopAI" */ = {
			isa = XCConfigurationList;
			buildConfigurations = (
				2747DE152BEDC12600626C4F /* Debug */,
				2747DE162BEDC12600626C4F /* Release */,
			);
			defaultConfigurationIsVisible = 0;
			defaultConfigurationName = Release;
		};
		2747DE172BEDC12600626C4F /* Build configuration list for PBXNativeTarget "DesktopAI" */ = {
			isa = XCConfigurationList;
			buildConfigurations = (
				2747DE182BEDC12600626C4F /* Debug */,
				2747DE192BEDC12600626C4F /* Release */,
			);
			defaultConfigurationIsVisible = 0;
			defaultConfigurationName = Release;
		};
/* End XCConfigurationList section */
	};
	rootObject = 2747DDFE2BEDC12500626C4F /* Project object */;
}
